{
	"name": "prettier-github",
	"version": "1.2.0",
	"lockfileVersion": 1,
	"requires": true,
	"dependencies": {
		"body-parser": {
			"version": "1.17.2",
			"resolved": "https://registry.npmjs.org/body-parser/-/body-parser-1.17.2.tgz",
			"integrity": "sha1-+IkqvI+eYn1Crtr7yma/WrmRBO4="
		},
		"buffer-equal-constant-time": {
			"version": "1.0.1",
			"resolved": "https://registry.npmjs.org/buffer-equal-constant-time/-/buffer-equal-constant-time-1.0.1.tgz",
			"integrity": "sha1-+OcRMvf/5uAaXJaXpMbz5I1cyBk="
		},
		"dotenv": {
			"version": "4.0.0",
			"resolved": "https://registry.npmjs.org/dotenv/-/dotenv-4.0.0.tgz",
			"integrity": "sha1-hk7xN5rO1Vzm+V3r7NzhefegzR0="
		},
		"eslint": {
			"version": "3.19.0",
			"resolved": "https://registry.npmjs.org/eslint/-/eslint-3.19.0.tgz",
			"integrity": "sha1-yPxiAcf0DdCJQbh8CFdnOGpnmsw=",
			"dev": true
		},
		"eslint-config-xo": {
			"version": "0.18.2",
			"resolved": "https://registry.npmjs.org/eslint-config-xo/-/eslint-config-xo-0.18.2.tgz",
			"integrity": "sha1-ChVxIIdWGZKec1/9axhcQeihh68=",
			"dev": true
		},
		"express": {
			"version": "4.15.3",
			"resolved": "https://registry.npmjs.org/express/-/express-4.15.3.tgz",
			"integrity": "sha1-urZdDwOqgMNYQIly/HAPkWlEtmI="
		},
		"extract-gfm": {
			"version": "0.1.0",
			"resolved": "https://registry.npmjs.org/extract-gfm/-/extract-gfm-0.1.0.tgz",
			"integrity": "sha1-bNrrFOtG4707pGTZgXHQWoOs/2s="
		},
		"github": {
			"version": "9.2.0",
			"resolved": "https://registry.npmjs.org/github/-/github-9.2.0.tgz",
			"integrity": "sha1-iohtxA3WNjZwfcr5nfPfJsWfFvw="
		},
		"jest-cli": {
			"version": "20.0.4",
			"resolved": "https://registry.npmjs.org/jest-cli/-/jest-cli-20.0.4.tgz",
			"integrity": "sha1-5TKxnYiuW8bEF+iwWTpv6VSx3JM=",
			"dev": true,
			"dependencies": {
				"callsites": {
					"version": "2.0.0",
					"resolved": "https://registry.npmjs.org/callsites/-/callsites-2.0.0.tgz",
					"integrity": "sha1-BuuE8A7qQT2oav/vrL/7Ngk7PFA="
				}
			}
		},
		"jsonwebtoken": {
			"version": "9.0.0",
			"resolved": "https://registry.npmjs.org/jsonwebtoken/-/jsonwebtoken-9.0.0.tgz",
			"integrity": "sha512-tuGfYXxkQGDPnLJ7SibiQgVgeDgfbPq2k2ICcbgqW8WxWLBAxKQM/ZCu/IT8SOSwmaYl4dpTFCW5xZv7YbbWUw==",
			"requires": {
				"jws": "^3.2.2",
				"lodash": "^4.17.21",
				"ms": "^2.1.1",
				"semver": "^7.3.8"
			},
			"dependencies": {
				"ecdsa-sig-formatter": {
					"version": "1.0.11",
					"resolved": "https://registry.npmjs.org/ecdsa-sig-formatter/-/ecdsa-sig-formatter-1.0.11.tgz",
					"integrity": "sha512-nagl3RYrbNv6kQkeJIpt6NJZy8twLB/2vtz6yN9Z4vRKHN4/QZJIEbqohALSgwKdnksuY3k5Addp5lg8sVoVcQ==",
					"requires": {
						"safe-buffer": "^5.0.1"
					}
				},
				"jwa": {
					"version": "1.4.1",
					"resolved": "https://registry.npmjs.org/jwa/-/jwa-1.4.1.tgz",
					"integrity": "sha512-qiLX/xhEEFKUAJ6FiBMbes3w9ATzyk5W7Hvzpa/SLYdxNtng+gcurvrI7TbACjIXlsJyr05/S1oUhZrc63evQA==",
					"requires": {
						"buffer-equal-constant-time": "1.0.1",
						"ecdsa-sig-formatter": "1.0.11",
						"safe-buffer": "^5.0.1"
					}
				},
				"jws": {
					"version": "3.2.2",
					"resolved": "https://registry.npmjs.org/jws/-/jws-3.2.2.tgz",
					"integrity": "sha512-YHlZCB6lMTllWDtSPHz/ZXTsi8S00usEV6v1tjq8tOUZzw7DpSDWVXjXDre6ed1w/pd495ODpHZYSdkRTsa0HA==",
					"requires": {
						"jwa": "^1.4.1",
						"safe-buffer": "^5.0.1"
					}
				},
				"lodash": {
					"version": "4.17.21",
					"resolved": "https://registry.npmjs.org/lodash/-/lodash-4.17.21.tgz",
					"integrity": "sha512-v2kDEe57lecTulaDIuNTPy3Ry4gLGJ6Z1O3vE1krgXZNrsQ+LFTGHVxVjcXPs17LhbZVGedAJv8XZ1tvj5FvSg=="
				},
				"lru-cache": {
					"version": "6.0.0",
					"resolved": "https://registry.npmjs.org/lru-cache/-/lru-cache-6.0.0.tgz",
					"integrity": "sha512-Jo6dJ04CmSjuznwJSS3pUeWmd/H0ffTlkXXgwZi+eq1UCmqQwCh+eLsYOYCwY991i2Fah4h1BEMCx4qThGbsiA==",
					"requires": {
						"yallist": "^4.0.0"
					}
				},
				"ms": {
					"version": "2.1.3",
					"resolved": "https://registry.npmjs.org/ms/-/ms-2.1.3.tgz",
					"integrity": "sha512-6FlzubTLZG3J2a/NVCAleEhjzq5oxgHyaCU9yYXvcLsvoVaHJq/s5xXI6/XXP6tz7R9xAOtHnSO/tXtF3WRTlA=="
				},
				"semver": {
					"version": "7.3.8",
					"resolved": "https://registry.npmjs.org/semver/-/semver-7.3.8.tgz",
					"integrity": "sha512-NB1ctGL5rlHrPJtFDVIVzTyQylMLu9N9VICA6HSFJo8MCGVTMW6gfpicwKmmK/dAjTOrqu5l63JJOpDSrAis3A==",
					"requires": {
						"lru-cache": "^6.0.0"
					}
				},
				"yallist": {
					"version": "4.0.0",
					"resolved": "https://registry.npmjs.org/yallist/-/yallist-4.0.0.tgz",
					"integrity": "sha512-3wdGidZyq5PB084XLES5TpOSRA3wjXAlIWMhum2kRcv/41Sn2emQ0dycQW4uZXLejwKvg6EsvbdlVL+FYEct7A=="
				}
			}
		},
		"npm-run-all": {
			"version": "4.0.2",
			"resolved": "https://registry.npmjs.org/npm-run-all/-/npm-run-all-4.0.2.tgz",
			"integrity": "sha1-qEZpNI5ttsy+BSIAtM22v+A0pP4=",
			"dev": true,
			"dependencies": {
				"load-json-file": {
					"version": "2.0.0",
					"resolved": "https://registry.npmjs.org/load-json-file/-/load-json-file-2.0.0.tgz",
					"integrity": "sha1-eUfkIUmvgNaWy/eXvKq8/h/inKg="
				},
				"path-type": {
					"version": "2.0.0",
					"resolved": "https://registry.npmjs.org/path-type/-/path-type-2.0.0.tgz",
					"integrity": "sha1-8BLMuEFbcJb8LaoQVMPXI4lZTHM="
				},
				"read-pkg": {
					"version": "2.0.0",
					"resolved": "https://registry.npmjs.org/read-pkg/-/read-pkg-2.0.0.tgz",
					"integrity": "sha1-jvHAYjxqbbDcZxPEv6xGMysjaPg="
				}
			}
		},
		"prettier": {
			"version": "1.5.2",
			"resolved": "https://registry.npmjs.org/prettier/-/prettier-1.5.2.tgz",
			"integrity": "sha512-f55mvineQ5yc36cLX4n4RWP6JH6MLcfi5f9MVsjpfBs4MVSG2GYT4v6cukzmvkIOvmNOdCZfDSMY3hQcMcDQbQ=="
		},
		"safe-buffer": {
			"version": "5.1.1",
			"resolved": "https://registry.npmjs.org/safe-buffer/-/safe-buffer-5.1.1.tgz",
			"integrity": "sha512-kKvNJn6Mm93gAczWVJg7wH+wGYWNrDHdWvpUmHyEsgCtIwwo3bqPtV4tR5tuPaUhTOo/kvhVwd8XwwOllGYkbg=="
		}
	}
}
